
Microsoft Visual Studio Solution File, Format Version 12.00
# Visual Studio Version 16
VisualStudioVersion = 16.0.30011.22
MinimumVisualStudioVersion = 10.0.40219.1
Project("{FAE04EC0-301F-11D3-BF4B-00C04F79EFBC}") = "Memorama", "Memorama\Memorama.csproj", "{5BEF3C7F-9257-4545-8603-1349CAF78A03}"
EndProject
Global
	GlobalSection(SolutionConfigurationPlatforms) = preSolution
		Debug|Any CPU = Debug|Any CPU
		Release|Any CPU = Release|Any CPU
	EndGlobalSection
	GlobalSection(ProjectConfigurationPlatforms) = postSolution
		{5BEF3C7F-9257-4545-8603-1349CAF78A03}.Debug|Any CPU.ActiveCfg = Debug|Any CPU
		{5BEF3C7F-9257-4545-8603-1349CAF78A03}.Debug|Any CPU.Build.0 = Debug|Any CPU
		{5BEF3C7F-9257-4545-8603-1349CAF78A03}.Release|Any CPU.ActiveCfg = Release|Any CPU
		{5BEF3C7F-9257-4545-8603-1349CAF78A03}.Release|Any CPU.Build.0 = Release|Any CPU
	EndGlobalSection
	GlobalSection(SolutionProperties) = preSolution
		HideSolutionNode = FALSE
	EndGlobalSection
	GlobalSection(ExtensibilityGlobals) = postSolution
		SolutionGuid = {FACBC543-B3EB-4AEA-941B-B3DADEC0E75C}
	EndGlobalSection
EndGlobal
